
Microsoft Visual Studio Solution File, Format Version 12.00
# Visual Studio Version 17
VisualStudioVersion = 17.14.36301.6
MinimumVisualStudioVersion = 10.0.40219.1
Project("{E53339B2-1760-4266-BCC7-CA923CBCF16C}") = "docker-compose", "docker-compose.dcproj", "{81DDED9D-158B-E303-5F62-77A2896D2A5A}"
EndProject
Project("{2150E333-8FDC-42A3-9474-1A3956D46DE8}") = "src", "src", "{02EA681E-C7D8-13C7-8484-4AC65E1B71E8}"
EndProject
Project("{2150E333-8FDC-42A3-9474-1A3956D46DE8}") = "services", "services", "{5E814591-0AE6-4369-9985-E43C4829428C}"
EndProject
Project("{2150E333-8FDC-42A3-9474-1A3956D46DE8}") = "apps", "apps", "{36F8BB61-4B0B-47E8-800D-1C404B075C0E}"
EndProject
Project("{2150E333-8FDC-42A3-9474-1A3956D46DE8}") = "libs", "libs", "{3A801C75-21BB-4906-B442-384D18BD0F8F}"
EndProject
Project("{FAE04EC0-301F-11D3-BF4B-00C04F79EFBC}") = "WebBlazor", "src\apps\WebBlazor\WebBlazor.csproj", "{28294DAB-7046-036A-706E-85A7AA09D6B3}"
EndProject
Project("{FAE04EC0-301F-11D3-BF4B-00C04F79EFBC}") = "APIClient", "src\libs\APIClient\APIClient.csproj", "{95D40625-B602-6052-D601-AB0F2D3E8A45}"
EndProject
Project("{FAE04EC0-301F-11D3-BF4B-00C04F79EFBC}") = "Api", "src\services\Api\Api.csproj", "{8E01FF48-C9F1-D77D-A5E3-F366952DEC51}"
EndProject
Global
	GlobalSection(SolutionConfigurationPlatforms) = preSolution
		Debug|Any CPU = Debug|Any CPU
		Release|Any CPU = Release|Any CPU
	EndGlobalSection
	GlobalSection(ProjectConfigurationPlatforms) = postSolution
		{81DDED9D-158B-E303-5F62-77A2896D2A5A}.Debug|Any CPU.ActiveCfg = Debug|Any CPU
		{81DDED9D-158B-E303-5F62-77A2896D2A5A}.Debug|Any CPU.Build.0 = Debug|Any CPU
		{81DDED9D-158B-E303-5F62-77A2896D2A5A}.Release|Any CPU.ActiveCfg = Release|Any CPU
		{81DDED9D-158B-E303-5F62-77A2896D2A5A}.Release|Any CPU.Build.0 = Release|Any CPU
		{28294DAB-7046-036A-706E-85A7AA09D6B3}.Debug|Any CPU.ActiveCfg = Debug|Any CPU
		{28294DAB-7046-036A-706E-85A7AA09D6B3}.Debug|Any CPU.Build.0 = Debug|Any CPU
		{28294DAB-7046-036A-706E-85A7AA09D6B3}.Release|Any CPU.ActiveCfg = Release|Any CPU
		{28294DAB-7046-036A-706E-85A7AA09D6B3}.Release|Any CPU.Build.0 = Release|Any CPU
		{95D40625-B602-6052-D601-AB0F2D3E8A45}.Debug|Any CPU.ActiveCfg = Debug|Any CPU
		{95D40625-B602-6052-D601-AB0F2D3E8A45}.Debug|Any CPU.Build.0 = Debug|Any CPU
		{95D40625-B602-6052-D601-AB0F2D3E8A45}.Release|Any CPU.ActiveCfg = Release|Any CPU
		{95D40625-B602-6052-D601-AB0F2D3E8A45}.Release|Any CPU.Build.0 = Release|Any CPU
		{8E01FF48-C9F1-D77D-A5E3-F366952DEC51}.Debug|Any CPU.ActiveCfg = Debug|Any CPU
		{8E01FF48-C9F1-D77D-A5E3-F366952DEC51}.Debug|Any CPU.Build.0 = Debug|Any CPU
		{8E01FF48-C9F1-D77D-A5E3-F366952DEC51}.Release|Any CPU.ActiveCfg = Release|Any CPU
		{8E01FF48-C9F1-D77D-A5E3-F366952DEC51}.Release|Any CPU.Build.0 = Release|Any CPU
	EndGlobalSection
	GlobalSection(SolutionProperties) = preSolution
		HideSolutionNode = FALSE
	EndGlobalSection
	GlobalSection(NestedProjects) = preSolution
		{5E814591-0AE6-4369-9985-E43C4829428C} = {02EA681E-C7D8-13C7-8484-4AC65E1B71E8}
		{36F8BB61-4B0B-47E8-800D-1C404B075C0E} = {02EA681E-C7D8-13C7-8484-4AC65E1B71E8}
		{3A801C75-21BB-4906-B442-384D18BD0F8F} = {02EA681E-C7D8-13C7-8484-4AC65E1B71E8}
		{28294DAB-7046-036A-706E-85A7AA09D6B3} = {36F8BB61-4B0B-47E8-800D-1C404B075C0E}
		{95D40625-B602-6052-D601-AB0F2D3E8A45} = {3A801C75-21BB-4906-B442-384D18BD0F8F}
		{8E01FF48-C9F1-D77D-A5E3-F366952DEC51} = {5E814591-0AE6-4369-9985-E43C4829428C}
	EndGlobalSection
	GlobalSection(ExtensibilityGlobals) = postSolution
		SolutionGuid = {DA9F8C0E-198F-45DA-8E22-732459AAC534}
	EndGlobalSection
EndGlobal
