
Microsoft Visual Studio Solution File, Format Version 12.00
# Visual Studio Version 17
VisualStudioVersion = 17.14.36301.6
MinimumVisualStudioVersion = 10.0.40219.1
Project("{FAE04EC0-301F-11D3-BF4B-00C04F79EFBC}") = "WebBlazor", "WebBlazor\WebBlazor.csproj", "{8862CC25-0382-4B1A-83FE-94AF91EECBA9}"
EndProject
Project("{FAE04EC0-301F-11D3-BF4B-00C04F79EFBC}") = "Api", "Api\Api.csproj", "{A951D0D8-6D1D-46CF-8AF7-368F4F754E1A}"
EndProject
Project("{E53339B2-1760-4266-BCC7-CA923CBCF16C}") = "docker-compose", "docker-compose.dcproj", "{81DDED9D-158B-E303-5F62-77A2896D2A5A}"
EndProject
Global
	GlobalSection(SolutionConfigurationPlatforms) = preSolution
		Debug|Any CPU = Debug|Any CPU
		Release|Any CPU = Release|Any CPU
	EndGlobalSection
	GlobalSection(ProjectConfigurationPlatforms) = postSolution
		{8862CC25-0382-4B1A-83FE-94AF91EECBA9}.Debug|Any CPU.ActiveCfg = Debug|Any CPU
		{8862CC25-0382-4B1A-83FE-94AF91EECBA9}.Debug|Any CPU.Build.0 = Debug|Any CPU
		{8862CC25-0382-4B1A-83FE-94AF91EECBA9}.Release|Any CPU.ActiveCfg = Release|Any CPU
		{8862CC25-0382-4B1A-83FE-94AF91EECBA9}.Release|Any CPU.Build.0 = Release|Any CPU
		{A951D0D8-6D1D-46CF-8AF7-368F4F754E1A}.Debug|Any CPU.ActiveCfg = Debug|Any CPU
		{A951D0D8-6D1D-46CF-8AF7-368F4F754E1A}.Debug|Any CPU.Build.0 = Debug|Any CPU
		{A951D0D8-6D1D-46CF-8AF7-368F4F754E1A}.Release|Any CPU.ActiveCfg = Release|Any CPU
		{A951D0D8-6D1D-46CF-8AF7-368F4F754E1A}.Release|Any CPU.Build.0 = Release|Any CPU
		{81DDED9D-158B-E303-5F62-77A2896D2A5A}.Debug|Any CPU.ActiveCfg = Debug|Any CPU
		{81DDED9D-158B-E303-5F62-77A2896D2A5A}.Debug|Any CPU.Build.0 = Debug|Any CPU
		{81DDED9D-158B-E303-5F62-77A2896D2A5A}.Release|Any CPU.ActiveCfg = Release|Any CPU
		{81DDED9D-158B-E303-5F62-77A2896D2A5A}.Release|Any CPU.Build.0 = Release|Any CPU
	EndGlobalSection
	GlobalSection(SolutionProperties) = preSolution
		HideSolutionNode = FALSE
	EndGlobalSection
	GlobalSection(ExtensibilityGlobals) = postSolution
		SolutionGuid = {DA9F8C0E-198F-45DA-8E22-732459AAC534}
	EndGlobalSection
EndGlobal
